// !$*UTF8*$!
{
	archiveVersion = 1;
	classes = {
	};
	objectVersion = 51;
	objects = {

/* Begin PBXBuildFile section */
		A966E89E25063EBD0004B4AC /* PlacesService.swift in Sources */ = {isa = PBXBuildFile; fileRef = A966E89D25063EBD0004B4AC /* PlacesService.swift */; };
		A966E8A025063FFC0004B4AC /* Constants.swift in Sources */ = {isa = PBXBuildFile; fileRef = A966E89F25063FFC0004B4AC /* Constants.swift */; };
		A966E8A225064CE40004B4AC /* Endpoints.swift in Sources */ = {isa = PBXBuildFile; fileRef = A966E8A125064CE40004B4AC /* Endpoints.swift */; };
		A966E8A425064E090004B4AC /* ApiResponse.swift in Sources */ = {isa = PBXBuildFile; fileRef = A966E8A325064E090004B4AC /* ApiResponse.swift */; };
		A966E8A625064E390004B4AC /* PlaceModel.swift in Sources */ = {isa = PBXBuildFile; fileRef = A966E8A525064E390004B4AC /* PlaceModel.swift */; };
		A966E8A8250664180004B4AC /* DetailsViewController.swift in Sources */ = {isa = PBXBuildFile; fileRef = A966E8A7250664180004B4AC /* DetailsViewController.swift */; };
		A966E8AA250665530004B4AC /* MainTableViewCell.swift in Sources */ = {isa = PBXBuildFile; fileRef = A966E8A9250665530004B4AC /* MainTableViewCell.swift */; };
		A9D269BD25077F60002FBA42 /* SearchPresenter.swift in Sources */ = {isa = PBXBuildFile; fileRef = A9D269BC25077F60002FBA42 /* SearchPresenter.swift */; };
		A9D269BF25077F6A002FBA42 /* DetailsPresenter.swift in Sources */ = {isa = PBXBuildFile; fileRef = A9D269BE25077F6A002FBA42 /* DetailsPresenter.swift */; };
		A9D269C3250784EA002FBA42 /* PlacesServiceImplementation.swift in Sources */ = {isa = PBXBuildFile; fileRef = A9D269C2250784EA002FBA42 /* PlacesServiceImplementation.swift */; };
		A9FB90492504D660006C3B24 /* AppDelegate.swift in Sources */ = {isa = PBXBuildFile; fileRef = A9FB90482504D660006C3B24 /* AppDelegate.swift */; };
		A9FB904B2504D660006C3B24 /* SceneDelegate.swift in Sources */ = {isa = PBXBuildFile; fileRef = A9FB904A2504D660006C3B24 /* SceneDelegate.swift */; };
		A9FB904D2504D660006C3B24 /* ViewController.swift in Sources */ = {isa = PBXBuildFile; fileRef = A9FB904C2504D660006C3B24 /* ViewController.swift */; };
		A9FB90502504D660006C3B24 /* Main.storyboard in Resources */ = {isa = PBXBuildFile; fileRef = A9FB904E2504D660006C3B24 /* Main.storyboard */; };
		A9FB90522504D664006C3B24 /* Assets.xcassets in Resources */ = {isa = PBXBuildFile; fileRef = A9FB90512504D664006C3B24 /* Assets.xcassets */; };
		A9FB90552504D664006C3B24 /* LaunchScreen.storyboard in Resources */ = {isa = PBXBuildFile; fileRef = A9FB90532504D664006C3B24 /* LaunchScreen.storyboard */; };
		F773F565833A72D839F18CB1 /* Pods_GooglePlacesAPI.framework in Frameworks */ = {isa = PBXBuildFile; fileRef = F72BCDFBF0436D385482B478 /* Pods_GooglePlacesAPI.framework */; };
/* End PBXBuildFile section */

/* Begin PBXFileReference section */
		1F76A239650A3ED2E4B381F6 /* Pods-GooglePlacesAPI.debug.xcconfig */ = {isa = PBXFileReference; includeInIndex = 1; lastKnownFileType = text.xcconfig; name = "Pods-GooglePlacesAPI.debug.xcconfig"; path = "Target Support Files/Pods-GooglePlacesAPI/Pods-GooglePlacesAPI.debug.xcconfig"; sourceTree = "<group>"; };
		A966E89D25063EBD0004B4AC /* PlacesService.swift */ = {isa = PBXFileReference; lastKnownFileType = sourcecode.swift; path = PlacesService.swift; sourceTree = "<group>"; };
		A966E89F25063FFC0004B4AC /* Constants.swift */ = {isa = PBXFileReference; lastKnownFileType = sourcecode.swift; path = Constants.swift; sourceTree = "<group>"; };
		A966E8A125064CE40004B4AC /* Endpoints.swift */ = {isa = PBXFileReference; lastKnownFileType = sourcecode.swift; path = Endpoints.swift; sourceTree = "<group>"; };
		A966E8A325064E090004B4AC /* ApiResponse.swift */ = {isa = PBXFileReference; lastKnownFileType = sourcecode.swift; path = ApiResponse.swift; sourceTree = "<group>"; };
		A966E8A525064E390004B4AC /* PlaceModel.swift */ = {isa = PBXFileReference; lastKnownFileType = sourcecode.swift; path = PlaceModel.swift; sourceTree = "<group>"; };
		A966E8A7250664180004B4AC /* DetailsViewController.swift */ = {isa = PBXFileReference; lastKnownFileType = sourcecode.swift; path = DetailsViewController.swift; sourceTree = "<group>"; };
		A966E8A9250665530004B4AC /* MainTableViewCell.swift */ = {isa = PBXFileReference; lastKnownFileType = sourcecode.swift; path = MainTableViewCell.swift; sourceTree = "<group>"; };
		A9D269BC25077F60002FBA42 /* SearchPresenter.swift */ = {isa = PBXFileReference; lastKnownFileType = sourcecode.swift; path = SearchPresenter.swift; sourceTree = "<group>"; };
		A9D269BE25077F6A002FBA42 /* DetailsPresenter.swift */ = {isa = PBXFileReference; lastKnownFileType = sourcecode.swift; path = DetailsPresenter.swift; sourceTree = "<group>"; };
		A9D269C2250784EA002FBA42 /* PlacesServiceImplementation.swift */ = {isa = PBXFileReference; lastKnownFileType = sourcecode.swift; path = PlacesServiceImplementation.swift; sourceTree = "<group>"; };
		A9FB90452504D660006C3B24 /* GooglePlacesAPI.app */ = {isa = PBXFileReference; explicitFileType = wrapper.application; includeInIndex = 0; path = GooglePlacesAPI.app; sourceTree = BUILT_PRODUCTS_DIR; };
		A9FB90482504D660006C3B24 /* AppDelegate.swift */ = {isa = PBXFileReference; lastKnownFileType = sourcecode.swift; path = AppDelegate.swift; sourceTree = "<group>"; };
		A9FB904A2504D660006C3B24 /* SceneDelegate.swift */ = {isa = PBXFileReference; lastKnownFileType = sourcecode.swift; path = SceneDelegate.swift; sourceTree = "<group>"; };
		A9FB904C2504D660006C3B24 /* ViewController.swift */ = {isa = PBXFileReference; lastKnownFileType = sourcecode.swift; path = ViewController.swift; sourceTree = "<group>"; };
		A9FB904F2504D660006C3B24 /* Base */ = {isa = PBXFileReference; lastKnownFileType = file.storyboard; name = Base; path = Base.lproj/Main.storyboard; sourceTree = "<group>"; };
		A9FB90512504D664006C3B24 /* Assets.xcassets */ = {isa = PBXFileReference; lastKnownFileType = folder.assetcatalog; path = Assets.xcassets; sourceTree = "<group>"; };
		A9FB90542504D664006C3B24 /* Base */ = {isa = PBXFileReference; lastKnownFileType = file.storyboard; name = Base; path = Base.lproj/LaunchScreen.storyboard; sourceTree = "<group>"; };
		A9FB90562504D664006C3B24 /* Info.plist */ = {isa = PBXFileReference; lastKnownFileType = text.plist.xml; path = Info.plist; sourceTree = "<group>"; };
		D321C6A23AB2E40EC1B41894 /* Pods-GooglePlacesAPI.release.xcconfig */ = {isa = PBXFileReference; includeInIndex = 1; lastKnownFileType = text.xcconfig; name = "Pods-GooglePlacesAPI.release.xcconfig"; path = "Target Support Files/Pods-GooglePlacesAPI/Pods-GooglePlacesAPI.release.xcconfig"; sourceTree = "<group>"; };
		F72BCDFBF0436D385482B478 /* Pods_GooglePlacesAPI.framework */ = {isa = PBXFileReference; explicitFileType = wrapper.framework; includeInIndex = 0; path = Pods_GooglePlacesAPI.framework; sourceTree = BUILT_PRODUCTS_DIR; };
/* End PBXFileReference section */

/* Begin PBXFrameworksBuildPhase section */
		A9FB90422504D660006C3B24 /* Frameworks */ = {
			isa = PBXFrameworksBuildPhase;
			buildActionMask = 2147483647;
			files = (
				F773F565833A72D839F18CB1 /* Pods_GooglePlacesAPI.framework in Frameworks */,
			);
			runOnlyForDeploymentPostprocessing = 0;
		};
/* End PBXFrameworksBuildPhase section */

/* Begin PBXGroup section */
		1C548D9F38079ED1F14539D6 /* Frameworks */ = {
			isa = PBXGroup;
			children = (
				F72BCDFBF0436D385482B478 /* Pods_GooglePlacesAPI.framework */,
			);
			name = Frameworks;
			sourceTree = "<group>";
		};
		9DF5EC2C58FA1EE70FFF8A00 /* Pods */ = {
			isa = PBXGroup;
			children = (
				1F76A239650A3ED2E4B381F6 /* Pods-GooglePlacesAPI.debug.xcconfig */,
				D321C6A23AB2E40EC1B41894 /* Pods-GooglePlacesAPI.release.xcconfig */,
			);
			path = Pods;
			sourceTree = "<group>";
		};
		A98AAADE25076D01002D568E /* Model */ = {
			isa = PBXGroup;
			children = (
				A966E8A325064E090004B4AC /* ApiResponse.swift */,
				A966E8A525064E390004B4AC /* PlaceModel.swift */,
			);
			path = Model;
			sourceTree = "<group>";
		};
		A98AAADF25076D35002D568E /* View */ = {
			isa = PBXGroup;
			children = (
				A9D269BA25077EF9002FBA42 /* Cells */,
				A9FB904C2504D660006C3B24 /* ViewController.swift */,
				A966E8A7250664180004B4AC /* DetailsViewController.swift */,
			);
			path = View;
			sourceTree = "<group>";
		};
		A98AAAE025076D6C002D568E /* Services */ = {
			isa = PBXGroup;
			children = (
				A966E89D25063EBD0004B4AC /* PlacesService.swift */,
				A9D269C2250784EA002FBA42 /* PlacesServiceImplementation.swift */,
				A966E89F25063FFC0004B4AC /* Constants.swift */,
				A966E8A125064CE40004B4AC /* Endpoints.swift */,
			);
			path = Services;
			sourceTree = "<group>";
		};
		A9D269BA25077EF9002FBA42 /* Cells */ = {
			isa = PBXGroup;
			children = (
				A966E8A9250665530004B4AC /* MainTableViewCell.swift */,
			);
			path = Cells;
			sourceTree = "<group>";
		};
		A9D269BB25077F15002FBA42 /* Presenter */ = {
			isa = PBXGroup;
			children = (
				A9D269C025077F7A002FBA42 /* SearchVC */,
				A9D269C125077F87002FBA42 /* DetailsVC */,
			);
			path = Presenter;
			sourceTree = "<group>";
		};
		A9D269C025077F7A002FBA42 /* SearchVC */ = {
			isa = PBXGroup;
			children = (
				A9D269BC25077F60002FBA42 /* SearchPresenter.swift */,
			);
			path = SearchVC;
			sourceTree = "<group>";
		};
		A9D269C125077F87002FBA42 /* DetailsVC */ = {
			isa = PBXGroup;
			children = (
				A9D269BE25077F6A002FBA42 /* DetailsPresenter.swift */,
			);
			path = DetailsVC;
			sourceTree = "<group>";
		};
		A9FB903C2504D660006C3B24 = {
			isa = PBXGroup;
			children = (
				A9FB90472504D660006C3B24 /* GooglePlacesAPI */,
				A9FB90462504D660006C3B24 /* Products */,
				9DF5EC2C58FA1EE70FFF8A00 /* Pods */,
				1C548D9F38079ED1F14539D6 /* Frameworks */,
			);
			sourceTree = "<group>";
		};
		A9FB90462504D660006C3B24 /* Products */ = {
			isa = PBXGroup;
			children = (
				A9FB90452504D660006C3B24 /* GooglePlacesAPI.app */,
			);
			name = Products;
			sourceTree = "<group>";
		};
		A9FB90472504D660006C3B24 /* GooglePlacesAPI */ = {
			isa = PBXGroup;
			children = (
				A9FB90482504D660006C3B24 /* AppDelegate.swift */,
				A9FB904A2504D660006C3B24 /* SceneDelegate.swift */,
				A98AAAE025076D6C002D568E /* Services */,
				A98AAADE25076D01002D568E /* Model */,
				A98AAADF25076D35002D568E /* View */,
				A9D269BB25077F15002FBA42 /* Presenter */,
				A9FB904E2504D660006C3B24 /* Main.storyboard */,
				A9FB90512504D664006C3B24 /* Assets.xcassets */,
				A9FB90532504D664006C3B24 /* LaunchScreen.storyboard */,
				A9FB90562504D664006C3B24 /* Info.plist */,
			);
			path = GooglePlacesAPI;
			sourceTree = "<group>";
		};
/* End PBXGroup section */

/* Begin PBXNativeTarget section */
		A9FB90442504D660006C3B24 /* GooglePlacesAPI */ = {
			isa = PBXNativeTarget;
			buildConfigurationList = A9FB90592504D664006C3B24 /* Build configuration list for PBXNativeTarget "GooglePlacesAPI" */;
			buildPhases = (
				10BEF59D83C8953B656AEE7F /* [CP] Check Pods Manifest.lock */,
				A9FB90412504D660006C3B24 /* Sources */,
				A9FB90422504D660006C3B24 /* Frameworks */,
				A9FB90432504D660006C3B24 /* Resources */,
				B7AD69606C381FC368FCFCA0 /* [CP] Copy Pods Resources */,
				6DBF22AD25989DAB7427EE08 /* [CP] Embed Pods Frameworks */,
			);
			buildRules = (
			);
			dependencies = (
			);
			name = GooglePlacesAPI;
			productName = GooglePlacesAPI;
			productReference = A9FB90452504D660006C3B24 /* GooglePlacesAPI.app */;
			productType = "com.apple.product-type.application";
		};
/* End PBXNativeTarget section */

/* Begin PBXProject section */
		A9FB903D2504D660006C3B24 /* Project object */ = {
			isa = PBXProject;
			attributes = {
				LastSwiftUpdateCheck = 1160;
				LastUpgradeCheck = 1160;
				ORGANIZATIONNAME = "Сергей Шабельник";
				TargetAttributes = {
					A9FB90442504D660006C3B24 = {
						CreatedOnToolsVersion = 11.6;
					};
				};
			};
			buildConfigurationList = A9FB90402504D660006C3B24 /* Build configuration list for PBXProject "GooglePlacesAPI" */;
			compatibilityVersion = "Xcode 9.3";
			developmentRegion = en;
			hasScannedForEncodings = 0;
			knownRegions = (
				en,
				Base,
			);
			mainGroup = A9FB903C2504D660006C3B24;
			productRefGroup = A9FB90462504D660006C3B24 /* Products */;
			projectDirPath = "";
			projectRoot = "";
			targets = (
				A9FB90442504D660006C3B24 /* GooglePlacesAPI */,
			);
		};
/* End PBXProject section */

/* Begin PBXResourcesBuildPhase section */
		A9FB90432504D660006C3B24 /* Resources */ = {
			isa = PBXResourcesBuildPhase;
			buildActionMask = 2147483647;
			files = (
				A9FB90552504D664006C3B24 /* LaunchScreen.storyboard in Resources */,
				A9FB90522504D664006C3B24 /* Assets.xcassets in Resources */,
				A9FB90502504D660006C3B24 /* Main.storyboard in Resources */,
			);
			runOnlyForDeploymentPostprocessing = 0;
		};
/* End PBXResourcesBuildPhase section */

/* Begin PBXShellScriptBuildPhase section */
		10BEF59D83C8953B656AEE7F /* [CP] Check Pods Manifest.lock */ = {
			isa = PBXShellScriptBuildPhase;
			buildActionMask = 2147483647;
			files = (
			);
			inputFileListPaths = (
			);
			inputPaths = (
				"${PODS_PODFILE_DIR_PATH}/Podfile.lock",
				"${PODS_ROOT}/Manifest.lock",
			);
			name = "[CP] Check Pods Manifest.lock";
			outputFileListPaths = (
			);
			outputPaths = (
				"$(DERIVED_FILE_DIR)/Pods-GooglePlacesAPI-checkManifestLockResult.txt",
			);
			runOnlyForDeploymentPostprocessing = 0;
			shellPath = /bin/sh;
			shellScript = "diff \"${PODS_PODFILE_DIR_PATH}/Podfile.lock\" \"${PODS_ROOT}/Manifest.lock\" > /dev/null\nif [ $? != 0 ] ; then\n    # print error to STDERR\n    echo \"error: The sandbox is not in sync with the Podfile.lock. Run 'pod install' or update your CocoaPods installation.\" >&2\n    exit 1\nfi\n# This output is used by Xcode 'outputs' to avoid re-running this script phase.\necho \"SUCCESS\" > \"${SCRIPT_OUTPUT_FILE_0}\"\n";
			showEnvVarsInLog = 0;
		};
		6DBF22AD25989DAB7427EE08 /* [CP] Embed Pods Frameworks */ = {
			isa = PBXShellScriptBuildPhase;
			buildActionMask = 2147483647;
			files = (
			);
			inputFileListPaths = (
				"${PODS_ROOT}/Target Support Files/Pods-GooglePlacesAPI/Pods-GooglePlacesAPI-frameworks-${CONFIGURATION}-input-files.xcfilelist",
			);
			name = "[CP] Embed Pods Frameworks";
			outputFileListPaths = (
				"${PODS_ROOT}/Target Support Files/Pods-GooglePlacesAPI/Pods-GooglePlacesAPI-frameworks-${CONFIGURATION}-output-files.xcfilelist",
			);
			runOnlyForDeploymentPostprocessing = 0;
			shellPath = /bin/sh;
			shellScript = "\"${PODS_ROOT}/Target Support Files/Pods-GooglePlacesAPI/Pods-GooglePlacesAPI-frameworks.sh\"\n";
			showEnvVarsInLog = 0;
		};
		B7AD69606C381FC368FCFCA0 /* [CP] Copy Pods Resources */ = {
			isa = PBXShellScriptBuildPhase;
			buildActionMask = 2147483647;
			files = (
			);
			inputFileListPaths = (
				"${PODS_ROOT}/Target Support Files/Pods-GooglePlacesAPI/Pods-GooglePlacesAPI-resources-${CONFIGURATION}-input-files.xcfilelist",
			);
			name = "[CP] Copy Pods Resources";
			outputFileListPaths = (
				"${PODS_ROOT}/Target Support Files/Pods-GooglePlacesAPI/Pods-GooglePlacesAPI-resources-${CONFIGURATION}-output-files.xcfilelist",
			);
			runOnlyForDeploymentPostprocessing = 0;
			shellPath = /bin/sh;
			shellScript = "\"${PODS_ROOT}/Target Support Files/Pods-GooglePlacesAPI/Pods-GooglePlacesAPI-resources.sh\"\n";
			showEnvVarsInLog = 0;
		};
/* End PBXShellScriptBuildPhase section */

/* Begin PBXSourcesBuildPhase section */
		A9FB90412504D660006C3B24 /* Sources */ = {
			isa = PBXSourcesBuildPhase;
			buildActionMask = 2147483647;
			files = (
				A9D269BD25077F60002FBA42 /* SearchPresenter.swift in Sources */,
				A966E8A025063FFC0004B4AC /* Constants.swift in Sources */,
				A966E8A625064E390004B4AC /* PlaceModel.swift in Sources */,
				A966E8A8250664180004B4AC /* DetailsViewController.swift in Sources */,
				A9FB904D2504D660006C3B24 /* ViewController.swift in Sources */,
				A966E8AA250665530004B4AC /* MainTableViewCell.swift in Sources */,
				A9FB90492504D660006C3B24 /* AppDelegate.swift in Sources */,
				A966E8A425064E090004B4AC /* ApiResponse.swift in Sources */,
				A9FB904B2504D660006C3B24 /* SceneDelegate.swift in Sources */,
				A966E8A225064CE40004B4AC /* Endpoints.swift in Sources */,
				A9D269C3250784EA002FBA42 /* PlacesServiceImplementation.swift in Sources */,
				A966E89E25063EBD0004B4AC /* PlacesService.swift in Sources */,
				A9D269BF25077F6A002FBA42 /* DetailsPresenter.swift in Sources */,
			);
			runOnlyForDeploymentPostprocessing = 0;
		};
/* End PBXSourcesBuildPhase section */

/* Begin PBXVariantGroup section */
		A9FB904E2504D660006C3B24 /* Main.storyboard */ = {
			isa = PBXVariantGroup;
			children = (
				A9FB904F2504D660006C3B24 /* Base */,
			);
			name = Main.storyboard;
			sourceTree = "<group>";
		};
		A9FB90532504D664006C3B24 /* LaunchScreen.storyboard */ = {
			isa = PBXVariantGroup;
			children = (
				A9FB90542504D664006C3B24 /* Base */,
			);
			name = LaunchScreen.storyboard;
			sourceTree = "<group>";
		};
/* End PBXVariantGroup section */

/* Begin XCBuildConfiguration section */
		A9FB90572504D664006C3B24 /* Debug */ = {
			isa = XCBuildConfiguration;
			buildSettings = {
				ALWAYS_SEARCH_USER_PATHS = NO;
				CLANG_ANALYZER_NONNULL = YES;
				CLANG_ANALYZER_NUMBER_OBJECT_CONVERSION = YES_AGGRESSIVE;
				CLANG_CXX_LANGUAGE_STANDARD = "gnu++14";
				CLANG_CXX_LIBRARY = "libc++";
				CLANG_ENABLE_MODULES = YES;
				CLANG_ENABLE_OBJC_ARC = YES;
				CLANG_ENABLE_OBJC_WEAK = YES;
				CLANG_WARN_BLOCK_CAPTURE_AUTORELEASING = YES;
				CLANG_WARN_BOOL_CONVERSION = YES;
				CLANG_WARN_COMMA = YES;
				CLANG_WARN_CONSTANT_CONVERSION = YES;
				CLANG_WARN_DEPRECATED_OBJC_IMPLEMENTATIONS = YES;
				CLANG_WARN_DIRECT_OBJC_ISA_USAGE = YES_ERROR;
				CLANG_WARN_DOCUMENTATION_COMMENTS = YES;
				CLANG_WARN_EMPTY_BODY = YES;
				CLANG_WARN_ENUM_CONVERSION = YES;
				CLANG_WARN_INFINITE_RECURSION = YES;
				CLANG_WARN_INT_CONVERSION = YES;
				CLANG_WARN_NON_LITERAL_NULL_CONVERSION = YES;
				CLANG_WARN_OBJC_IMPLICIT_RETAIN_SELF = YES;
				CLANG_WARN_OBJC_LITERAL_CONVERSION = YES;
				CLANG_WARN_OBJC_ROOT_CLASS = YES_ERROR;
				CLANG_WARN_RANGE_LOOP_ANALYSIS = YES;
				CLANG_WARN_STRICT_PROTOTYPES = YES;
				CLANG_WARN_SUSPICIOUS_MOVE = YES;
				CLANG_WARN_UNGUARDED_AVAILABILITY = YES_AGGRESSIVE;
				CLANG_WARN_UNREACHABLE_CODE = YES;
				CLANG_WARN__DUPLICATE_METHOD_MATCH = YES;
				COPY_PHASE_STRIP = NO;
				DEBUG_INFORMATION_FORMAT = dwarf;
				ENABLE_STRICT_OBJC_MSGSEND = YES;
				ENABLE_TESTABILITY = YES;
				GCC_C_LANGUAGE_STANDARD = gnu11;
				GCC_DYNAMIC_NO_PIC = NO;
				GCC_NO_COMMON_BLOCKS = YES;
				GCC_OPTIMIZATION_LEVEL = 0;
				GCC_PREPROCESSOR_DEFINITIONS = (
					"DEBUG=1",
					"$(inherited)",
				);
				GCC_WARN_64_TO_32_BIT_CONVERSION = YES;
				GCC_WARN_ABOUT_RETURN_TYPE = YES_ERROR;
				GCC_WARN_UNDECLARED_SELECTOR = YES;
				GCC_WARN_UNINITIALIZED_AUTOS = YES_AGGRESSIVE;
				GCC_WARN_UNUSED_FUNCTION = YES;
				GCC_WARN_UNUSED_VARIABLE = YES;
				IPHONEOS_DEPLOYMENT_TARGET = 13.6;
				MTL_ENABLE_DEBUG_INFO = INCLUDE_SOURCE;
				MTL_FAST_MATH = YES;
				ONLY_ACTIVE_ARCH = YES;
				SDKROOT = iphoneos;
				SWIFT_ACTIVE_COMPILATION_CONDITIONS = DEBUG;
				SWIFT_OPTIMIZATION_LEVEL = "-Onone";
			};
			name = Debug;
		};
		A9FB90582504D664006C3B24 /* Release */ = {
			isa = XCBuildConfiguration;
			buildSettings = {
				ALWAYS_SEARCH_USER_PATHS = NO;
				CLANG_ANALYZER_NONNULL = YES;
				CLANG_ANALYZER_NUMBER_OBJECT_CONVERSION = YES_AGGRESSIVE;
				CLANG_CXX_LANGUAGE_STANDARD = "gnu++14";
				CLANG_CXX_LIBRARY = "libc++";
				CLANG_ENABLE_MODULES = YES;
				CLANG_ENABLE_OBJC_ARC = YES;
				CLANG_ENABLE_OBJC_WEAK = YES;
				CLANG_WARN_BLOCK_CAPTURE_AUTORELEASING = YES;
				CLANG_WARN_BOOL_CONVERSION = YES;
				CLANG_WARN_COMMA = YES;
				CLANG_WARN_CONSTANT_CONVERSION = YES;
				CLANG_WARN_DEPRECATED_OBJC_IMPLEMENTATIONS = YES;
				CLANG_WARN_DIRECT_OBJC_ISA_USAGE = YES_ERROR;
				CLANG_WARN_DOCUMENTATION_COMMENTS = YES;
				CLANG_WARN_EMPTY_BODY = YES;
				CLANG_WARN_ENUM_CONVERSION = YES;
				CLANG_WARN_INFINITE_RECURSION = YES;
				CLANG_WARN_INT_CONVERSION = YES;
				CLANG_WARN_NON_LITERAL_NULL_CONVERSION = YES;
				CLANG_WARN_OBJC_IMPLICIT_RETAIN_SELF = YES;
				CLANG_WARN_OBJC_LITERAL_CONVERSION = YES;
				CLANG_WARN_OBJC_ROOT_CLASS = YES_ERROR;
				CLANG_WARN_RANGE_LOOP_ANALYSIS = YES;
				CLANG_WARN_STRICT_PROTOTYPES = YES;
				CLANG_WARN_SUSPICIOUS_MOVE = YES;
				CLANG_WARN_UNGUARDED_AVAILABILITY = YES_AGGRESSIVE;
				CLANG_WARN_UNREACHABLE_CODE = YES;
				CLANG_WARN__DUPLICATE_METHOD_MATCH = YES;
				COPY_PHASE_STRIP = NO;
				DEBUG_INFORMATION_FORMAT = "dwarf-with-dsym";
				ENABLE_NS_ASSERTIONS = NO;
				ENABLE_STRICT_OBJC_MSGSEND = YES;
				GCC_C_LANGUAGE_STANDARD = gnu11;
				GCC_NO_COMMON_BLOCKS = YES;
				GCC_WARN_64_TO_32_BIT_CONVERSION = YES;
				GCC_WARN_ABOUT_RETURN_TYPE = YES_ERROR;
				GCC_WARN_UNDECLARED_SELECTOR = YES;
				GCC_WARN_UNINITIALIZED_AUTOS = YES_AGGRESSIVE;
				GCC_WARN_UNUSED_FUNCTION = YES;
				GCC_WARN_UNUSED_VARIABLE = YES;
				IPHONEOS_DEPLOYMENT_TARGET = 13.6;
				MTL_ENABLE_DEBUG_INFO = NO;
				MTL_FAST_MATH = YES;
				SDKROOT = iphoneos;
				SWIFT_COMPILATION_MODE = wholemodule;
				SWIFT_OPTIMIZATION_LEVEL = "-O";
				VALIDATE_PRODUCT = YES;
			};
			name = Release;
		};
		A9FB905A2504D664006C3B24 /* Debug */ = {
			isa = XCBuildConfiguration;
			baseConfigurationReference = 1F76A239650A3ED2E4B381F6 /* Pods-GooglePlacesAPI.debug.xcconfig */;
			buildSettings = {
				ASSETCATALOG_COMPILER_APPICON_NAME = AppIcon;
				CODE_SIGN_STYLE = Automatic;
				DEVELOPMENT_TEAM = 9R79P9XH2G;
				INFOPLIST_FILE = GooglePlacesAPI/Info.plist;
				LD_RUNPATH_SEARCH_PATHS = (
					"$(inherited)",
					"@executable_path/Frameworks",
				);
				PRODUCT_BUNDLE_IDENTIFIER = ITIS.GooglePlacesAPI;
				PRODUCT_NAME = "$(TARGET_NAME)";
				SWIFT_VERSION = 5.0;
				TARGETED_DEVICE_FAMILY = "1,2";
			};
			name = Debug;
		};
		A9FB905B2504D664006C3B24 /* Release */ = {
			isa = XCBuildConfiguration;
			baseConfigurationReference = D321C6A23AB2E40EC1B41894 /* Pods-GooglePlacesAPI.release.xcconfig */;
			buildSettings = {
				ASSETCATALOG_COMPILER_APPICON_NAME = AppIcon;
				CODE_SIGN_STYLE = Automatic;
				DEVELOPMENT_TEAM = 9R79P9XH2G;
				INFOPLIST_FILE = GooglePlacesAPI/Info.plist;
				LD_RUNPATH_SEARCH_PATHS = (
					"$(inherited)",
					"@executable_path/Frameworks",
				);
				PRODUCT_BUNDLE_IDENTIFIER = ITIS.GooglePlacesAPI;
				PRODUCT_NAME = "$(TARGET_NAME)";
				SWIFT_VERSION = 5.0;
				TARGETED_DEVICE_FAMILY = "1,2";
			};
			name = Release;
		};
/* End XCBuildConfiguration section */

/* Begin XCConfigurationList section */
		A9FB90402504D660006C3B24 /* Build configuration list for PBXProject "GooglePlacesAPI" */ = {
			isa = XCConfigurationList;
			buildConfigurations = (
				A9FB90572504D664006C3B24 /* Debug */,
				A9FB90582504D664006C3B24 /* Release */,
			);
			defaultConfigurationIsVisible = 0;
			defaultConfigurationName = Release;
		};
		A9FB90592504D664006C3B24 /* Build configuration list for PBXNativeTarget "GooglePlacesAPI" */ = {
			isa = XCConfigurationList;
			buildConfigurations = (
				A9FB905A2504D664006C3B24 /* Debug */,
				A9FB905B2504D664006C3B24 /* Release */,
			);
			defaultConfigurationIsVisible = 0;
			defaultConfigurationName = Release;
		};
/* End XCConfigurationList section */
	};
	rootObject = A9FB903D2504D660006C3B24 /* Project object */;
}
